
Microsoft Visual Studio Solution File, Format Version 10.00
# Visual Studio 2008
Project("{FAE04EC0-301F-11D3-BF4B-00C04F79EFBC}") = "Tasty", "Tasty\Tasty.csproj", "{2FA9607D-DC0D-4318-B13D-028C2BA3FF85}"
EndProject
Project("{2150E333-8FDC-42A3-9474-1A3956D46DE8}") = "Solution Items", "Solution Items", "{185BB18E-0FD1-4E78-BD64-2FD8ED94B027}"
	ProjectSection(SolutionItems) = preProject
		..\build.proj = ..\build.proj
		..\LICENSE.txt = ..\LICENSE.txt
		LocalTestRun.testrunconfig = LocalTestRun.testrunconfig
		..\NOTICE.txt = ..\NOTICE.txt
		..\README.md = ..\README.md
		SolutionInfo.cs = SolutionInfo.cs
		Tasty.vsmdi = Tasty.vsmdi
	EndProjectSection
EndProject
Project("{FAE04EC0-301F-11D3-BF4B-00C04F79EFBC}") = "Tasty.Test", "Tasty.Test\Tasty.Test.csproj", "{E5B6327D-3E79-424F-8BF2-126D3905631C}"
EndProject
Project("{FAE04EC0-301F-11D3-BF4B-00C04F79EFBC}") = "Tasty.Console", "Tasty.Console\Tasty.Console.csproj", "{34565E03-092C-44D1-8F75-6AC7BD542A91}"
EndProject
Project("{FAE04EC0-301F-11D3-BF4B-00C04F79EFBC}") = "Tasty.SqlServer", "Tasty.SqlServer\Tasty.SqlServer.csproj", "{C437CA7E-8233-44A5-B693-5829FA3888CA}"
EndProject
Project("{2150E333-8FDC-42A3-9474-1A3956D46DE8}") = "Templates", "Templates", "{5890438D-C5F7-4EC3-B878-5875926C985A}"
	ProjectSection(SolutionItems) = preProject
		Templates\App.config.template = Templates\App.config.template
		Templates\Email.proj.template = Templates\Email.proj.template
		Templates\S3Publish.proj.template = Templates\S3Publish.proj.template
		Templates\Test.config.template = Templates\Test.config.template
	EndProjectSection
EndProject
Global
	GlobalSection(TestCaseManagementSettings) = postSolution
		CategoryFile = Tasty.vsmdi
	EndGlobalSection
	GlobalSection(SolutionConfigurationPlatforms) = preSolution
		Debug|Any CPU = Debug|Any CPU
		Release|Any CPU = Release|Any CPU
	EndGlobalSection
	GlobalSection(ProjectConfigurationPlatforms) = postSolution
		{2FA9607D-DC0D-4318-B13D-028C2BA3FF85}.Debug|Any CPU.ActiveCfg = Debug|Any CPU
		{2FA9607D-DC0D-4318-B13D-028C2BA3FF85}.Debug|Any CPU.Build.0 = Debug|Any CPU
		{2FA9607D-DC0D-4318-B13D-028C2BA3FF85}.Release|Any CPU.ActiveCfg = Release|Any CPU
		{2FA9607D-DC0D-4318-B13D-028C2BA3FF85}.Release|Any CPU.Build.0 = Release|Any CPU
		{E5B6327D-3E79-424F-8BF2-126D3905631C}.Debug|Any CPU.ActiveCfg = Debug|Any CPU
		{E5B6327D-3E79-424F-8BF2-126D3905631C}.Debug|Any CPU.Build.0 = Debug|Any CPU
		{E5B6327D-3E79-424F-8BF2-126D3905631C}.Release|Any CPU.ActiveCfg = Release|Any CPU
		{E5B6327D-3E79-424F-8BF2-126D3905631C}.Release|Any CPU.Build.0 = Release|Any CPU
		{34565E03-092C-44D1-8F75-6AC7BD542A91}.Debug|Any CPU.ActiveCfg = Debug|Any CPU
		{34565E03-092C-44D1-8F75-6AC7BD542A91}.Debug|Any CPU.Build.0 = Debug|Any CPU
		{34565E03-092C-44D1-8F75-6AC7BD542A91}.Release|Any CPU.ActiveCfg = Release|Any CPU
		{34565E03-092C-44D1-8F75-6AC7BD542A91}.Release|Any CPU.Build.0 = Release|Any CPU
		{C437CA7E-8233-44A5-B693-5829FA3888CA}.Debug|Any CPU.ActiveCfg = Debug|Any CPU
		{C437CA7E-8233-44A5-B693-5829FA3888CA}.Debug|Any CPU.Build.0 = Debug|Any CPU
		{C437CA7E-8233-44A5-B693-5829FA3888CA}.Release|Any CPU.ActiveCfg = Release|Any CPU
		{C437CA7E-8233-44A5-B693-5829FA3888CA}.Release|Any CPU.Build.0 = Release|Any CPU
	EndGlobalSection
	GlobalSection(SolutionProperties) = preSolution
		HideSolutionNode = FALSE
	EndGlobalSection
EndGlobal
